
Microsoft Visual Studio Solution File, Format Version 12.00
# Visual Studio 15
VisualStudioVersion = 15.0.27703.2042
MinimumVisualStudioVersion = 10.0.40219.1
Project("{FAE04EC0-301F-11D3-BF4B-00C04F79EFBC}") = "Payroll_KhodasevichVV", "Payroll_KhodasevichVV\Payroll_KhodasevichVV.csproj", "{DCF9E5E5-24A9-4139-B961-CCE8983AB668}"
EndProject
Project("{FAE04EC0-301F-11D3-BF4B-00C04F79EFBC}") = "PayrollTest_KhodasevichVV", "PayrollTest_KhodasevichVV\PayrollTest_KhodasevichVV.csproj", "{79E2EE7C-9604-41C2-9D4A-CD3FF000F1B5}"
EndProject
Global
	GlobalSection(SolutionConfigurationPlatforms) = preSolution
		Debug|Any CPU = Debug|Any CPU
		Release|Any CPU = Release|Any CPU
	EndGlobalSection
	GlobalSection(ProjectConfigurationPlatforms) = postSolution
		{DCF9E5E5-24A9-4139-B961-CCE8983AB668}.Debug|Any CPU.ActiveCfg = Debug|Any CPU
		{DCF9E5E5-24A9-4139-B961-CCE8983AB668}.Debug|Any CPU.Build.0 = Debug|Any CPU
		{DCF9E5E5-24A9-4139-B961-CCE8983AB668}.Release|Any CPU.ActiveCfg = Release|Any CPU
		{DCF9E5E5-24A9-4139-B961-CCE8983AB668}.Release|Any CPU.Build.0 = Release|Any CPU
		{79E2EE7C-9604-41C2-9D4A-CD3FF000F1B5}.Debug|Any CPU.ActiveCfg = Debug|Any CPU
		{79E2EE7C-9604-41C2-9D4A-CD3FF000F1B5}.Debug|Any CPU.Build.0 = Debug|Any CPU
		{79E2EE7C-9604-41C2-9D4A-CD3FF000F1B5}.Release|Any CPU.ActiveCfg = Release|Any CPU
		{79E2EE7C-9604-41C2-9D4A-CD3FF000F1B5}.Release|Any CPU.Build.0 = Release|Any CPU
	EndGlobalSection
	GlobalSection(SolutionProperties) = preSolution
		HideSolutionNode = FALSE
	EndGlobalSection
	GlobalSection(ExtensibilityGlobals) = postSolution
		SolutionGuid = {FBF3C264-8097-4403-B7B0-FE0B621533EF}
	EndGlobalSection
EndGlobal
